
Microsoft Visual Studio Solution File, Format Version 12.00
# Visual Studio 15
VisualStudioVersion = 15.0.27703.2026
MinimumVisualStudioVersion = 10.0.40219.1
Project("{9A19103F-16F7-4668-BE54-9A1E7A4F7556}") = "AngularBooking", "AngularBooking\AngularBooking.csproj", "{E88998DA-F410-428B-8FFE-7E4A1D222AC9}"
EndProject
Project("{9A19103F-16F7-4668-BE54-9A1E7A4F7556}") = "AngularBooking.Tests", "AngularBooking.Tests\AngularBooking.Tests.csproj", "{7358CE40-23BE-481F-9E90-0CC2C2882D13}"
EndProject
Global
	GlobalSection(SolutionConfigurationPlatforms) = preSolution
		Debug|Any CPU = Debug|Any CPU
		Release|Any CPU = Release|Any CPU
	EndGlobalSection
	GlobalSection(ProjectConfigurationPlatforms) = postSolution
		{E88998DA-F410-428B-8FFE-7E4A1D222AC9}.Debug|Any CPU.ActiveCfg = Debug|Any CPU
		{E88998DA-F410-428B-8FFE-7E4A1D222AC9}.Debug|Any CPU.Build.0 = Debug|Any CPU
		{E88998DA-F410-428B-8FFE-7E4A1D222AC9}.Release|Any CPU.ActiveCfg = Release|Any CPU
		{E88998DA-F410-428B-8FFE-7E4A1D222AC9}.Release|Any CPU.Build.0 = Release|Any CPU
		{7358CE40-23BE-481F-9E90-0CC2C2882D13}.Debug|Any CPU.ActiveCfg = Debug|Any CPU
		{7358CE40-23BE-481F-9E90-0CC2C2882D13}.Debug|Any CPU.Build.0 = Debug|Any CPU
		{7358CE40-23BE-481F-9E90-0CC2C2882D13}.Release|Any CPU.ActiveCfg = Release|Any CPU
		{7358CE40-23BE-481F-9E90-0CC2C2882D13}.Release|Any CPU.Build.0 = Release|Any CPU
	EndGlobalSection
	GlobalSection(SolutionProperties) = preSolution
		HideSolutionNode = FALSE
	EndGlobalSection
	GlobalSection(ExtensibilityGlobals) = postSolution
		SolutionGuid = {F9349FF9-85D3-4BF1-BE26-C51D8E6DA7E3}
	EndGlobalSection
EndGlobal
